// !$*UTF8*$!
{
	archiveVersion = 1;
	classes = {
	};
	objectVersion = 55;
	objects = {

/* Begin PBXBuildFile section */
		66E54CD9280ABD1900F0A756 /* AppDelegate.swift in Sources */ = {isa = PBXBuildFile; fileRef = 66E54CD8280ABD1900F0A756 /* AppDelegate.swift */; };
		66E54CDB280ABD1900F0A756 /* SceneDelegate.swift in Sources */ = {isa = PBXBuildFile; fileRef = 66E54CDA280ABD1900F0A756 /* SceneDelegate.swift */; };
		66E54CE0280ABD1900F0A756 /* Main.storyboard in Resources */ = {isa = PBXBuildFile; fileRef = 66E54CDE280ABD1900F0A756 /* Main.storyboard */; };
		66E54CE2280ABD2700F0A756 /* Assets.xcassets in Resources */ = {isa = PBXBuildFile; fileRef = 66E54CE1280ABD2700F0A756 /* Assets.xcassets */; };
		66E54CE5280ABD2700F0A756 /* LaunchScreen.storyboard in Resources */ = {isa = PBXBuildFile; fileRef = 66E54CE3280ABD2700F0A756 /* LaunchScreen.storyboard */; };
		66E54CF0280ABD2800F0A756 /* tinderTests.swift in Sources */ = {isa = PBXBuildFile; fileRef = 66E54CEF280ABD2800F0A756 /* tinderTests.swift */; };
		66E54CFA280ABD2800F0A756 /* tinderUITests.swift in Sources */ = {isa = PBXBuildFile; fileRef = 66E54CF9280ABD2800F0A756 /* tinderUITests.swift */; };
		66E54CFC280ABD2800F0A756 /* tinderUITestsLaunchTests.swift in Sources */ = {isa = PBXBuildFile; fileRef = 66E54CFB280ABD2800F0A756 /* tinderUITestsLaunchTests.swift */; };
		66E54D11280ABED400F0A756 /* HomeController.swift in Sources */ = {isa = PBXBuildFile; fileRef = 66E54D10280ABED400F0A756 /* HomeController.swift */; };
/* End PBXBuildFile section */

/* Begin PBXContainerItemProxy section */
		66E54CEC280ABD2800F0A756 /* PBXContainerItemProxy */ = {
			isa = PBXContainerItemProxy;
			containerPortal = 66E54CCD280ABD1900F0A756 /* Project object */;
			proxyType = 1;
			remoteGlobalIDString = 66E54CD4280ABD1900F0A756;
			remoteInfo = tinder;
		};
		66E54CF6280ABD2800F0A756 /* PBXContainerItemProxy */ = {
			isa = PBXContainerItemProxy;
			containerPortal = 66E54CCD280ABD1900F0A756 /* Project object */;
			proxyType = 1;
			remoteGlobalIDString = 66E54CD4280ABD1900F0A756;
			remoteInfo = tinder;
		};
/* End PBXContainerItemProxy section */

/* Begin PBXFileReference section */
		66E54CD5280ABD1900F0A756 /* tinder.app */ = {isa = PBXFileReference; explicitFileType = wrapper.application; includeInIndex = 0; path = tinder.app; sourceTree = BUILT_PRODUCTS_DIR; };
		66E54CD8280ABD1900F0A756 /* AppDelegate.swift */ = {isa = PBXFileReference; lastKnownFileType = sourcecode.swift; path = AppDelegate.swift; sourceTree = "<group>"; };
		66E54CDA280ABD1900F0A756 /* SceneDelegate.swift */ = {isa = PBXFileReference; lastKnownFileType = sourcecode.swift; path = SceneDelegate.swift; sourceTree = "<group>"; };
		66E54CDF280ABD1900F0A756 /* Base */ = {isa = PBXFileReference; lastKnownFileType = file.storyboard; name = Base; path = Base.lproj/Main.storyboard; sourceTree = "<group>"; };
		66E54CE1280ABD2700F0A756 /* Assets.xcassets */ = {isa = PBXFileReference; lastKnownFileType = folder.assetcatalog; path = Assets.xcassets; sourceTree = "<group>"; };
		66E54CE4280ABD2700F0A756 /* Base */ = {isa = PBXFileReference; lastKnownFileType = file.storyboard; name = Base; path = Base.lproj/LaunchScreen.storyboard; sourceTree = "<group>"; };
		66E54CE6280ABD2700F0A756 /* Info.plist */ = {isa = PBXFileReference; lastKnownFileType = text.plist.xml; path = Info.plist; sourceTree = "<group>"; };
		66E54CEB280ABD2800F0A756 /* tinderTests.xctest */ = {isa = PBXFileReference; explicitFileType = wrapper.cfbundle; includeInIndex = 0; path = tinderTests.xctest; sourceTree = BUILT_PRODUCTS_DIR; };
		66E54CEF280ABD2800F0A756 /* tinderTests.swift */ = {isa = PBXFileReference; lastKnownFileType = sourcecode.swift; path = tinderTests.swift; sourceTree = "<group>"; };
		66E54CF5280ABD2800F0A756 /* tinderUITests.xctest */ = {isa = PBXFileReference; explicitFileType = wrapper.cfbundle; includeInIndex = 0; path = tinderUITests.xctest; sourceTree = BUILT_PRODUCTS_DIR; };
		66E54CF9280ABD2800F0A756 /* tinderUITests.swift */ = {isa = PBXFileReference; lastKnownFileType = sourcecode.swift; path = tinderUITests.swift; sourceTree = "<group>"; };
		66E54CFB280ABD2800F0A756 /* tinderUITestsLaunchTests.swift */ = {isa = PBXFileReference; lastKnownFileType = sourcecode.swift; path = tinderUITestsLaunchTests.swift; sourceTree = "<group>"; };
		66E54D10280ABED400F0A756 /* HomeController.swift */ = {isa = PBXFileReference; lastKnownFileType = sourcecode.swift; path = HomeController.swift; sourceTree = "<group>"; };
/* End PBXFileReference section */

/* Begin PBXFrameworksBuildPhase section */
		66E54CD2280ABD1900F0A756 /* Frameworks */ = {
			isa = PBXFrameworksBuildPhase;
			buildActionMask = 2147483647;
			files = (
			);
			runOnlyForDeploymentPostprocessing = 0;
		};
		66E54CE8280ABD2800F0A756 /* Frameworks */ = {
			isa = PBXFrameworksBuildPhase;
			buildActionMask = 2147483647;
			files = (
			);
			runOnlyForDeploymentPostprocessing = 0;
		};
		66E54CF2280ABD2800F0A756 /* Frameworks */ = {
			isa = PBXFrameworksBuildPhase;
			buildActionMask = 2147483647;
			files = (
			);
			runOnlyForDeploymentPostprocessing = 0;
		};
/* End PBXFrameworksBuildPhase section */

/* Begin PBXGroup section */
		66E54CCC280ABD1900F0A756 = {
			isa = PBXGroup;
			children = (
				66E54CD7280ABD1900F0A756 /* tinder */,
				66E54CEE280ABD2800F0A756 /* tinderTests */,
				66E54CF8280ABD2800F0A756 /* tinderUITests */,
				66E54CD6280ABD1900F0A756 /* Products */,
			);
			sourceTree = "<group>";
		};
		66E54CD6280ABD1900F0A756 /* Products */ = {
			isa = PBXGroup;
			children = (
				66E54CD5280ABD1900F0A756 /* tinder.app */,
				66E54CEB280ABD2800F0A756 /* tinderTests.xctest */,
				66E54CF5280ABD2800F0A756 /* tinderUITests.xctest */,
			);
			name = Products;
			sourceTree = "<group>";
		};
		66E54CD7280ABD1900F0A756 /* tinder */ = {
			isa = PBXGroup;
			children = (
				66E54D0F280ABE5000F0A756 /* Utils */,
				66E54D0E280ABE0500F0A756 /* Modal */,
				66E54D0D280ABE0400F0A756 /* View */,
				66E54D08280ABDC100F0A756 /* Controller */,
				66E54D0C280ABE0200F0A756 /* viewModal */,
				66E54D0A280ABDF700F0A756 /* API */,
				66E54CD8280ABD1900F0A756 /* AppDelegate.swift */,
				66E54CDA280ABD1900F0A756 /* SceneDelegate.swift */,
				66E54CDE280ABD1900F0A756 /* Main.storyboard */,
				66E54CE1280ABD2700F0A756 /* Assets.xcassets */,
				66E54CE3280ABD2700F0A756 /* LaunchScreen.storyboard */,
				66E54CE6280ABD2700F0A756 /* Info.plist */,
			);
			path = tinder;
			sourceTree = "<group>";
		};
		66E54CEE280ABD2800F0A756 /* tinderTests */ = {
			isa = PBXGroup;
			children = (
				66E54CEF280ABD2800F0A756 /* tinderTests.swift */,
			);
			path = tinderTests;
			sourceTree = "<group>";
		};
		66E54CF8280ABD2800F0A756 /* tinderUITests */ = {
			isa = PBXGroup;
			children = (
				66E54CF9280ABD2800F0A756 /* tinderUITests.swift */,
				66E54CFB280ABD2800F0A756 /* tinderUITestsLaunchTests.swift */,
			);
			path = tinderUITests;
			sourceTree = "<group>";
		};
		66E54D08280ABDC100F0A756 /* Controller */ = {
			isa = PBXGroup;
			children = (
				66E54D10280ABED400F0A756 /* HomeController.swift */,
			);
			path = Controller;
			sourceTree = "<group>";
		};
		66E54D0A280ABDF700F0A756 /* API */ = {
			isa = PBXGroup;
			children = (
			);
			path = API;
			sourceTree = "<group>";
		};
		66E54D0C280ABE0200F0A756 /* viewModal */ = {
			isa = PBXGroup;
			children = (
			);
			path = viewModal;
			sourceTree = "<group>";
		};
		66E54D0D280ABE0400F0A756 /* View */ = {
			isa = PBXGroup;
			children = (
			);
			path = View;
			sourceTree = "<group>";
		};
		66E54D0E280ABE0500F0A756 /* Modal */ = {
			isa = PBXGroup;
			children = (
			);
			path = Modal;
			sourceTree = "<group>";
		};
		66E54D0F280ABE5000F0A756 /* Utils */ = {
			isa = PBXGroup;
			children = (
			);
			path = Utils;
			sourceTree = "<group>";
		};
/* End PBXGroup section */

/* Begin PBXNativeTarget section */
		66E54CD4280ABD1900F0A756 /* tinder */ = {
			isa = PBXNativeTarget;
			buildConfigurationList = 66E54CFF280ABD2900F0A756 /* Build configuration list for PBXNativeTarget "tinder" */;
			buildPhases = (
				66E54CD1280ABD1900F0A756 /* Sources */,
				66E54CD2280ABD1900F0A756 /* Frameworks */,
				66E54CD3280ABD1900F0A756 /* Resources */,
			);
			buildRules = (
			);
			dependencies = (
			);
			name = tinder;
			productName = tinder;
			productReference = 66E54CD5280ABD1900F0A756 /* tinder.app */;
			productType = "com.apple.product-type.application";
		};
		66E54CEA280ABD2800F0A756 /* tinderTests */ = {
			isa = PBXNativeTarget;
			buildConfigurationList = 66E54D02280ABD2900F0A756 /* Build configuration list for PBXNativeTarget "tinderTests" */;
			buildPhases = (
				66E54CE7280ABD2800F0A756 /* Sources */,
				66E54CE8280ABD2800F0A756 /* Frameworks */,
				66E54CE9280ABD2800F0A756 /* Resources */,
			);
			buildRules = (
			);
			dependencies = (
				66E54CED280ABD2800F0A756 /* PBXTargetDependency */,
			);
			name = tinderTests;
			productName = tinderTests;
			productReference = 66E54CEB280ABD2800F0A756 /* tinderTests.xctest */;
			productType = "com.apple.product-type.bundle.unit-test";
		};
		66E54CF4280ABD2800F0A756 /* tinderUITests */ = {
			isa = PBXNativeTarget;
			buildConfigurationList = 66E54D05280ABD2900F0A756 /* Build configuration list for PBXNativeTarget "tinderUITests" */;
			buildPhases = (
				66E54CF1280ABD2800F0A756 /* Sources */,
				66E54CF2280ABD2800F0A756 /* Frameworks */,
				66E54CF3280ABD2800F0A756 /* Resources */,
			);
			buildRules = (
			);
			dependencies = (
				66E54CF7280ABD2800F0A756 /* PBXTargetDependency */,
			);
			name = tinderUITests;
			productName = tinderUITests;
			productReference = 66E54CF5280ABD2800F0A756 /* tinderUITests.xctest */;
			productType = "com.apple.product-type.bundle.ui-testing";
		};
/* End PBXNativeTarget section */

/* Begin PBXProject section */
		66E54CCD280ABD1900F0A756 /* Project object */ = {
			isa = PBXProject;
			attributes = {
				BuildIndependentTargetsInParallel = 1;
				LastSwiftUpdateCheck = 1330;
				LastUpgradeCheck = 1330;
				TargetAttributes = {
					66E54CD4280ABD1900F0A756 = {
						CreatedOnToolsVersion = 13.3.1;
					};
					66E54CEA280ABD2800F0A756 = {
						CreatedOnToolsVersion = 13.3.1;
						TestTargetID = 66E54CD4280ABD1900F0A756;
					};
					66E54CF4280ABD2800F0A756 = {
						CreatedOnToolsVersion = 13.3.1;
						TestTargetID = 66E54CD4280ABD1900F0A756;
					};
				};
			};
			buildConfigurationList = 66E54CD0280ABD1900F0A756 /* Build configuration list for PBXProject "tinder" */;
			compatibilityVersion = "Xcode 13.0";
			developmentRegion = en;
			hasScannedForEncodings = 0;
			knownRegions = (
				en,
				Base,
			);
			mainGroup = 66E54CCC280ABD1900F0A756;
			productRefGroup = 66E54CD6280ABD1900F0A756 /* Products */;
			projectDirPath = "";
			projectRoot = "";
			targets = (
				66E54CD4280ABD1900F0A756 /* tinder */,
				66E54CEA280ABD2800F0A756 /* tinderTests */,
				66E54CF4280ABD2800F0A756 /* tinderUITests */,
			);
		};
/* End PBXProject section */

/* Begin PBXResourcesBuildPhase section */
		66E54CD3280ABD1900F0A756 /* Resources */ = {
			isa = PBXResourcesBuildPhase;
			buildActionMask = 2147483647;
			files = (
				66E54CE5280ABD2700F0A756 /* LaunchScreen.storyboard in Resources */,
				66E54CE2280ABD2700F0A756 /* Assets.xcassets in Resources */,
				66E54CE0280ABD1900F0A756 /* Main.storyboard in Resources */,
			);
			runOnlyForDeploymentPostprocessing = 0;
		};
		66E54CE9280ABD2800F0A756 /* Resources */ = {
			isa = PBXResourcesBuildPhase;
			buildActionMask = 2147483647;
			files = (
			);
			runOnlyForDeploymentPostprocessing = 0;
		};
		66E54CF3280ABD2800F0A756 /* Resources */ = {
			isa = PBXResourcesBuildPhase;
			buildActionMask = 2147483647;
			files = (
			);
			runOnlyForDeploymentPostprocessing = 0;
		};
/* End PBXResourcesBuildPhase section */

/* Begin PBXSourcesBuildPhase section */
		66E54CD1280ABD1900F0A756 /* Sources */ = {
			isa = PBXSourcesBuildPhase;
			buildActionMask = 2147483647;
			files = (
				66E54CD9280ABD1900F0A756 /* AppDelegate.swift in Sources */,
				66E54CDB280ABD1900F0A756 /* SceneDelegate.swift in Sources */,
				66E54D11280ABED400F0A756 /* HomeController.swift in Sources */,
			);
			runOnlyForDeploymentPostprocessing = 0;
		};
		66E54CE7280ABD2800F0A756 /* Sources */ = {
			isa = PBXSourcesBuildPhase;
			buildActionMask = 2147483647;
			files = (
				66E54CF0280ABD2800F0A756 /* tinderTests.swift in Sources */,
			);
			runOnlyForDeploymentPostprocessing = 0;
		};
		66E54CF1280ABD2800F0A756 /* Sources */ = {
			isa = PBXSourcesBuildPhase;
			buildActionMask = 2147483647;
			files = (
				66E54CFC280ABD2800F0A756 /* tinderUITestsLaunchTests.swift in Sources */,
				66E54CFA280ABD2800F0A756 /* tinderUITests.swift in Sources */,
			);
			runOnlyForDeploymentPostprocessing = 0;
		};
/* End PBXSourcesBuildPhase section */

/* Begin PBXTargetDependency section */
		66E54CED280ABD2800F0A756 /* PBXTargetDependency */ = {
			isa = PBXTargetDependency;
			target = 66E54CD4280ABD1900F0A756 /* tinder */;
			targetProxy = 66E54CEC280ABD2800F0A756 /* PBXContainerItemProxy */;
		};
		66E54CF7280ABD2800F0A756 /* PBXTargetDependency */ = {
			isa = PBXTargetDependency;
			target = 66E54CD4280ABD1900F0A756 /* tinder */;
			targetProxy = 66E54CF6280ABD2800F0A756 /* PBXContainerItemProxy */;
		};
/* End PBXTargetDependency section */

/* Begin PBXVariantGroup section */
		66E54CDE280ABD1900F0A756 /* Main.storyboard */ = {
			isa = PBXVariantGroup;
			children = (
				66E54CDF280ABD1900F0A756 /* Base */,
			);
			name = Main.storyboard;
			sourceTree = "<group>";
		};
		66E54CE3280ABD2700F0A756 /* LaunchScreen.storyboard */ = {
			isa = PBXVariantGroup;
			children = (
				66E54CE4280ABD2700F0A756 /* Base */,
			);
			name = LaunchScreen.storyboard;
			sourceTree = "<group>";
		};
/* End PBXVariantGroup section */

/* Begin XCBuildConfiguration section */
		66E54CFD280ABD2900F0A756 /* Debug */ = {
			isa = XCBuildConfiguration;
			buildSettings = {
				ALWAYS_SEARCH_USER_PATHS = NO;
				CLANG_ANALYZER_NONNULL = YES;
				CLANG_ANALYZER_NUMBER_OBJECT_CONVERSION = YES_AGGRESSIVE;
				CLANG_CXX_LANGUAGE_STANDARD = "gnu++17";
				CLANG_ENABLE_MODULES = YES;
				CLANG_ENABLE_OBJC_ARC = YES;
				CLANG_ENABLE_OBJC_WEAK = YES;
				CLANG_WARN_BLOCK_CAPTURE_AUTORELEASING = YES;
				CLANG_WARN_BOOL_CONVERSION = YES;
				CLANG_WARN_COMMA = YES;
				CLANG_WARN_CONSTANT_CONVERSION = YES;
				CLANG_WARN_DEPRECATED_OBJC_IMPLEMENTATIONS = YES;
				CLANG_WARN_DIRECT_OBJC_ISA_USAGE = YES_ERROR;
				CLANG_WARN_DOCUMENTATION_COMMENTS = YES;
				CLANG_WARN_EMPTY_BODY = YES;
				CLANG_WARN_ENUM_CONVERSION = YES;
				CLANG_WARN_INFINITE_RECURSION = YES;
				CLANG_WARN_INT_CONVERSION = YES;
				CLANG_WARN_NON_LITERAL_NULL_CONVERSION = YES;
				CLANG_WARN_OBJC_IMPLICIT_RETAIN_SELF = YES;
				CLANG_WARN_OBJC_LITERAL_CONVERSION = YES;
				CLANG_WARN_OBJC_ROOT_CLASS = YES_ERROR;
				CLANG_WARN_QUOTED_INCLUDE_IN_FRAMEWORK_HEADER = YES;
				CLANG_WARN_RANGE_LOOP_ANALYSIS = YES;
				CLANG_WARN_STRICT_PROTOTYPES = YES;
				CLANG_WARN_SUSPICIOUS_MOVE = YES;
				CLANG_WARN_UNGUARDED_AVAILABILITY = YES_AGGRESSIVE;
				CLANG_WARN_UNREACHABLE_CODE = YES;
				CLANG_WARN__DUPLICATE_METHOD_MATCH = YES;
				COPY_PHASE_STRIP = NO;
				DEBUG_INFORMATION_FORMAT = dwarf;
				ENABLE_STRICT_OBJC_MSGSEND = YES;
				ENABLE_TESTABILITY = YES;
				GCC_C_LANGUAGE_STANDARD = gnu11;
				GCC_DYNAMIC_NO_PIC = NO;
				GCC_NO_COMMON_BLOCKS = YES;
				GCC_OPTIMIZATION_LEVEL = 0;
				GCC_PREPROCESSOR_DEFINITIONS = (
					"DEBUG=1",
					"$(inherited)",
				);
				GCC_WARN_64_TO_32_BIT_CONVERSION = YES;
				GCC_WARN_ABOUT_RETURN_TYPE = YES_ERROR;
				GCC_WARN_UNDECLARED_SELECTOR = YES;
				GCC_WARN_UNINITIALIZED_AUTOS = YES_AGGRESSIVE;
				GCC_WARN_UNUSED_FUNCTION = YES;
				GCC_WARN_UNUSED_VARIABLE = YES;
				IPHONEOS_DEPLOYMENT_TARGET = 15.4;
				MTL_ENABLE_DEBUG_INFO = INCLUDE_SOURCE;
				MTL_FAST_MATH = YES;
				ONLY_ACTIVE_ARCH = YES;
				SDKROOT = iphoneos;
				SWIFT_ACTIVE_COMPILATION_CONDITIONS = DEBUG;
				SWIFT_OPTIMIZATION_LEVEL = "-Onone";
			};
			name = Debug;
		};
		66E54CFE280ABD2900F0A756 /* Release */ = {
			isa = XCBuildConfiguration;
			buildSettings = {
				ALWAYS_SEARCH_USER_PATHS = NO;
				CLANG_ANALYZER_NONNULL = YES;
				CLANG_ANALYZER_NUMBER_OBJECT_CONVERSION = YES_AGGRESSIVE;
				CLANG_CXX_LANGUAGE_STANDARD = "gnu++17";
				CLANG_ENABLE_MODULES = YES;
				CLANG_ENABLE_OBJC_ARC = YES;
				CLANG_ENABLE_OBJC_WEAK = YES;
				CLANG_WARN_BLOCK_CAPTURE_AUTORELEASING = YES;
				CLANG_WARN_BOOL_CONVERSION = YES;
				CLANG_WARN_COMMA = YES;
				CLANG_WARN_CONSTANT_CONVERSION = YES;
				CLANG_WARN_DEPRECATED_OBJC_IMPLEMENTATIONS = YES;
				CLANG_WARN_DIRECT_OBJC_ISA_USAGE = YES_ERROR;
				CLANG_WARN_DOCUMENTATION_COMMENTS = YES;
				CLANG_WARN_EMPTY_BODY = YES;
				CLANG_WARN_ENUM_CONVERSION = YES;
				CLANG_WARN_INFINITE_RECURSION = YES;
				CLANG_WARN_INT_CONVERSION = YES;
				CLANG_WARN_NON_LITERAL_NULL_CONVERSION = YES;
				CLANG_WARN_OBJC_IMPLICIT_RETAIN_SELF = YES;
				CLANG_WARN_OBJC_LITERAL_CONVERSION = YES;
				CLANG_WARN_OBJC_ROOT_CLASS = YES_ERROR;
				CLANG_WARN_QUOTED_INCLUDE_IN_FRAMEWORK_HEADER = YES;
				CLANG_WARN_RANGE_LOOP_ANALYSIS = YES;
				CLANG_WARN_STRICT_PROTOTYPES = YES;
				CLANG_WARN_SUSPICIOUS_MOVE = YES;
				CLANG_WARN_UNGUARDED_AVAILABILITY = YES_AGGRESSIVE;
				CLANG_WARN_UNREACHABLE_CODE = YES;
				CLANG_WARN__DUPLICATE_METHOD_MATCH = YES;
				COPY_PHASE_STRIP = NO;
				DEBUG_INFORMATION_FORMAT = "dwarf-with-dsym";
				ENABLE_NS_ASSERTIONS = NO;
				ENABLE_STRICT_OBJC_MSGSEND = YES;
				GCC_C_LANGUAGE_STANDARD = gnu11;
				GCC_NO_COMMON_BLOCKS = YES;
				GCC_WARN_64_TO_32_BIT_CONVERSION = YES;
				GCC_WARN_ABOUT_RETURN_TYPE = YES_ERROR;
				GCC_WARN_UNDECLARED_SELECTOR = YES;
				GCC_WARN_UNINITIALIZED_AUTOS = YES_AGGRESSIVE;
				GCC_WARN_UNUSED_FUNCTION = YES;
				GCC_WARN_UNUSED_VARIABLE = YES;
				IPHONEOS_DEPLOYMENT_TARGET = 15.4;
				MTL_ENABLE_DEBUG_INFO = NO;
				MTL_FAST_MATH = YES;
				SDKROOT = iphoneos;
				SWIFT_COMPILATION_MODE = wholemodule;
				SWIFT_OPTIMIZATION_LEVEL = "-O";
				VALIDATE_PRODUCT = YES;
			};
			name = Release;
		};
		66E54D00280ABD2900F0A756 /* Debug */ = {
			isa = XCBuildConfiguration;
			buildSettings = {
				ASSETCATALOG_COMPILER_APPICON_NAME = AppIcon;
				ASSETCATALOG_COMPILER_GLOBAL_ACCENT_COLOR_NAME = AccentColor;
				CODE_SIGN_STYLE = Automatic;
				CURRENT_PROJECT_VERSION = 1;
				GENERATE_INFOPLIST_FILE = YES;
				INFOPLIST_FILE = tinder/Info.plist;
				INFOPLIST_KEY_UIApplicationSupportsIndirectInputEvents = YES;
				INFOPLIST_KEY_UILaunchStoryboardName = LaunchScreen;
				INFOPLIST_KEY_UIMainStoryboardFile = Main;
				INFOPLIST_KEY_UISupportedInterfaceOrientations_iPad = "UIInterfaceOrientationPortrait UIInterfaceOrientationPortraitUpsideDown UIInterfaceOrientationLandscapeLeft UIInterfaceOrientationLandscapeRight";
				INFOPLIST_KEY_UISupportedInterfaceOrientations_iPhone = "UIInterfaceOrientationPortrait UIInterfaceOrientationLandscapeLeft UIInterfaceOrientationLandscapeRight";
				LD_RUNPATH_SEARCH_PATHS = (
					"$(inherited)",
					"@executable_path/Frameworks",
				);
				MARKETING_VERSION = 1.0;
				PRODUCT_BUNDLE_IDENTIFIER = new.tinder;
				PRODUCT_NAME = "$(TARGET_NAME)";
				SWIFT_EMIT_LOC_STRINGS = YES;
				SWIFT_VERSION = 5.0;
				TARGETED_DEVICE_FAMILY = "1,2";
			};
			name = Debug;
		};
		66E54D01280ABD2900F0A756 /* Release */ = {
			isa = XCBuildConfiguration;
			buildSettings = {
				ASSETCATALOG_COMPILER_APPICON_NAME = AppIcon;
				ASSETCATALOG_COMPILER_GLOBAL_ACCENT_COLOR_NAME = AccentColor;
				CODE_SIGN_STYLE = Automatic;
				CURRENT_PROJECT_VERSION = 1;
				GENERATE_INFOPLIST_FILE = YES;
				INFOPLIST_FILE = tinder/Info.plist;
				INFOPLIST_KEY_UIApplicationSupportsIndirectInputEvents = YES;
				INFOPLIST_KEY_UILaunchStoryboardName = LaunchScreen;
				INFOPLIST_KEY_UIMainStoryboardFile = Main;
				INFOPLIST_KEY_UISupportedInterfaceOrientations_iPad = "UIInterfaceOrientationPortrait UIInterfaceOrientationPortraitUpsideDown UIInterfaceOrientationLandscapeLeft UIInterfaceOrientationLandscapeRight";
				INFOPLIST_KEY_UISupportedInterfaceOrientations_iPhone = "UIInterfaceOrientationPortrait UIInterfaceOrientationLandscapeLeft UIInterfaceOrientationLandscapeRight";
				LD_RUNPATH_SEARCH_PATHS = (
					"$(inherited)",
					"@executable_path/Frameworks",
				);
				MARKETING_VERSION = 1.0;
				PRODUCT_BUNDLE_IDENTIFIER = new.tinder;
				PRODUCT_NAME = "$(TARGET_NAME)";
				SWIFT_EMIT_LOC_STRINGS = YES;
				SWIFT_VERSION = 5.0;
				TARGETED_DEVICE_FAMILY = "1,2";
			};
			name = Release;
		};
		66E54D03280ABD2900F0A756 /* Debug */ = {
			isa = XCBuildConfiguration;
			buildSettings = {
				ALWAYS_EMBED_SWIFT_STANDARD_LIBRARIES = YES;
				BUNDLE_LOADER = "$(TEST_HOST)";
				CODE_SIGN_STYLE = Automatic;
				CURRENT_PROJECT_VERSION = 1;
				GENERATE_INFOPLIST_FILE = YES;
				IPHONEOS_DEPLOYMENT_TARGET = 15.4;
				MARKETING_VERSION = 1.0;
				PRODUCT_BUNDLE_IDENTIFIER = new.tinderTests;
				PRODUCT_NAME = "$(TARGET_NAME)";
				SWIFT_EMIT_LOC_STRINGS = NO;
				SWIFT_VERSION = 5.0;
				TARGETED_DEVICE_FAMILY = "1,2";
				TEST_HOST = "$(BUILT_PRODUCTS_DIR)/tinder.app/tinder";
			};
			name = Debug;
		};
		66E54D04280ABD2900F0A756 /* Release */ = {
			isa = XCBuildConfiguration;
			buildSettings = {
				ALWAYS_EMBED_SWIFT_STANDARD_LIBRARIES = YES;
				BUNDLE_LOADER = "$(TEST_HOST)";
				CODE_SIGN_STYLE = Automatic;
				CURRENT_PROJECT_VERSION = 1;
				GENERATE_INFOPLIST_FILE = YES;
				IPHONEOS_DEPLOYMENT_TARGET = 15.4;
				MARKETING_VERSION = 1.0;
				PRODUCT_BUNDLE_IDENTIFIER = new.tinderTests;
				PRODUCT_NAME = "$(TARGET_NAME)";
				SWIFT_EMIT_LOC_STRINGS = NO;
				SWIFT_VERSION = 5.0;
				TARGETED_DEVICE_FAMILY = "1,2";
				TEST_HOST = "$(BUILT_PRODUCTS_DIR)/tinder.app/tinder";
			};
			name = Release;
		};
		66E54D06280ABD2900F0A756 /* Debug */ = {
			isa = XCBuildConfiguration;
			buildSettings = {
				ALWAYS_EMBED_SWIFT_STANDARD_LIBRARIES = YES;
				CODE_SIGN_STYLE = Automatic;
				CURRENT_PROJECT_VERSION = 1;
				GENERATE_INFOPLIST_FILE = YES;
				MARKETING_VERSION = 1.0;
				PRODUCT_BUNDLE_IDENTIFIER = new.tinderUITests;
				PRODUCT_NAME = "$(TARGET_NAME)";
				SWIFT_EMIT_LOC_STRINGS = NO;
				SWIFT_VERSION = 5.0;
				TARGETED_DEVICE_FAMILY = "1,2";
				TEST_TARGET_NAME = tinder;
			};
			name = Debug;
		};
		66E54D07280ABD2900F0A756 /* Release */ = {
			isa = XCBuildConfiguration;
			buildSettings = {
				ALWAYS_EMBED_SWIFT_STANDARD_LIBRARIES = YES;
				CODE_SIGN_STYLE = Automatic;
				CURRENT_PROJECT_VERSION = 1;
				GENERATE_INFOPLIST_FILE = YES;
				MARKETING_VERSION = 1.0;
				PRODUCT_BUNDLE_IDENTIFIER = new.tinderUITests;
				PRODUCT_NAME = "$(TARGET_NAME)";
				SWIFT_EMIT_LOC_STRINGS = NO;
				SWIFT_VERSION = 5.0;
				TARGETED_DEVICE_FAMILY = "1,2";
				TEST_TARGET_NAME = tinder;
			};
			name = Release;
		};
/* End XCBuildConfiguration section */

/* Begin XCConfigurationList section */
		66E54CD0280ABD1900F0A756 /* Build configuration list for PBXProject "tinder" */ = {
			isa = XCConfigurationList;
			buildConfigurations = (
				66E54CFD280ABD2900F0A756 /* Debug */,
				66E54CFE280ABD2900F0A756 /* Release */,
			);
			defaultConfigurationIsVisible = 0;
			defaultConfigurationName = Release;
		};
		66E54CFF280ABD2900F0A756 /* Build configuration list for PBXNativeTarget "tinder" */ = {
			isa = XCConfigurationList;
			buildConfigurations = (
				66E54D00280ABD2900F0A756 /* Debug */,
				66E54D01280ABD2900F0A756 /* Release */,
			);
			defaultConfigurationIsVisible = 0;
			defaultConfigurationName = Release;
		};
		66E54D02280ABD2900F0A756 /* Build configuration list for PBXNativeTarget "tinderTests" */ = {
			isa = XCConfigurationList;
			buildConfigurations = (
				66E54D03280ABD2900F0A756 /* Debug */,
				66E54D04280ABD2900F0A756 /* Release */,
			);
			defaultConfigurationIsVisible = 0;
			defaultConfigurationName = Release;
		};
		66E54D05280ABD2900F0A756 /* Build configuration list for PBXNativeTarget "tinderUITests" */ = {
			isa = XCConfigurationList;
			buildConfigurations = (
				66E54D06280ABD2900F0A756 /* Debug */,
				66E54D07280ABD2900F0A756 /* Release */,
			);
			defaultConfigurationIsVisible = 0;
			defaultConfigurationName = Release;
		};
/* End XCConfigurationList section */
	};
	rootObject = 66E54CCD280ABD1900F0A756 /* Project object */;
}
